
Microsoft Visual Studio Solution File, Format Version 12.00
# Visual Studio 15
VisualStudioVersion = 15.0.28307.1259
MinimumVisualStudioVersion = 10.0.40219.1
Project("{8BC9CEB8-8B4A-11D0-8D11-00A0C91BC942}") = "binaryTree", "binaryTree\binaryTree.vcxproj", "{CE24509C-7967-4C32-9A6A-3B4B826CBFB3}"
EndProject
Global
	GlobalSection(SolutionConfigurationPlatforms) = preSolution
		Debug|x64 = Debug|x64
		Debug|x86 = Debug|x86
		Release|x64 = Release|x64
		Release|x86 = Release|x86
	EndGlobalSection
	GlobalSection(ProjectConfigurationPlatforms) = postSolution
		{CE24509C-7967-4C32-9A6A-3B4B826CBFB3}.Debug|x64.ActiveCfg = Debug|x64
		{CE24509C-7967-4C32-9A6A-3B4B826CBFB3}.Debug|x64.Build.0 = Debug|x64
		{CE24509C-7967-4C32-9A6A-3B4B826CBFB3}.Debug|x86.ActiveCfg = Debug|Win32
		{CE24509C-7967-4C32-9A6A-3B4B826CBFB3}.Debug|x86.Build.0 = Debug|Win32
		{CE24509C-7967-4C32-9A6A-3B4B826CBFB3}.Release|x64.ActiveCfg = Release|x64
		{CE24509C-7967-4C32-9A6A-3B4B826CBFB3}.Release|x64.Build.0 = Release|x64
		{CE24509C-7967-4C32-9A6A-3B4B826CBFB3}.Release|x86.ActiveCfg = Release|Win32
		{CE24509C-7967-4C32-9A6A-3B4B826CBFB3}.Release|x86.Build.0 = Release|Win32
	EndGlobalSection
	GlobalSection(SolutionProperties) = preSolution
		HideSolutionNode = FALSE
	EndGlobalSection
	GlobalSection(ExtensibilityGlobals) = postSolution
		SolutionGuid = {120AEAF0-7F98-4C3B-9B26-B3A105FB63CA}
	EndGlobalSection
EndGlobal
